<?xml version="1.0" encoding="UTF-8"?>
<Scheme
   LastUpgradeVersion = "0830"
   version = "1.3">
   <BuildAction
      parallelizeBuildables = "YES"
      buildImplicitDependencies = "YES">
      <BuildActionEntries>
         <BuildActionEntry
            buildForTesting = "YES"
            buildForRunning = "YES"
            buildForProfiling = "YES"
            buildForArchiving = "YES"
            buildForAnalyzing = "YES">
            <BuildableReference
               BuildableIdentifier = "primary"
               BlueprintIdentifier = "84B3198A1F6AA5D400C370C5"
               BuildableName = "N - &#x60bc;&#x5ff5;512&#x6c76;&#x5ddd;&#x5927;&#x5730;&#x9707;&#x9047;&#x96be;&#x540c;&#x80de;&#x2015;&#x2015;&#x9009;&#x62d4;&#x5fd7;&#x613f;&#x8005;"
               BlueprintName = "N - &#x60bc;&#x5ff5;512&#x6c76;&#x5ddd;&#x5927;&#x5730;&#x9707;&#x9047;&#x96be;&#x540c;&#x80de;&#x2015;&#x2015;&#x9009;&#x62d4;&#x5fd7;&#x613f;&#x8005;"
               ReferencedContainer = "container:N - &#x60bc;&#x5ff5;512&#x6c76;&#x5ddd;&#x5927;&#x5730;&#x9707;&#x9047;&#x96be;&#x540c;&#x80de;&#x2015;&#x2015;&#x9009;&#x62d4;&#x5fd7;&#x613f;&#x8005;.xcodeproj">
            </BuildableReference>
         </BuildActionEntry>
      </BuildActionEntries>
   </BuildAction>
   <TestAction
      buildConfiguration = "Debug"
      selectedDebuggerIdentifier = "Xcode.DebuggerFoundation.Debugger.LLDB"
      selectedLauncherIdentifier = "Xcode.DebuggerFoundation.Launcher.LLDB"
      shouldUseLaunchSchemeArgsEnv = "YES">
      <Testables>
      </Testables>
      <MacroExpansion>
         <BuildableReference
            BuildableIdentifier = "primary"
            BlueprintIdentifier = "84B3198A1F6AA5D400C370C5"
            BuildableName = "N - &#x60bc;&#x5ff5;512&#x6c76;&#x5ddd;&#x5927;&#x5730;&#x9707;&#x9047;&#x96be;&#x540c;&#x80de;&#x2015;&#x2015;&#x9009;&#x62d4;&#x5fd7;&#x613f;&#x8005;"
            BlueprintName = "N - &#x60bc;&#x5ff5;512&#x6c76;&#x5ddd;&#x5927;&#x5730;&#x9707;&#x9047;&#x96be;&#x540c;&#x80de;&#x2015;&#x2015;&#x9009;&#x62d4;&#x5fd7;&#x613f;&#x8005;"
            ReferencedContainer = "container:N - &#x60bc;&#x5ff5;512&#x6c76;&#x5ddd;&#x5927;&#x5730;&#x9707;&#x9047;&#x96be;&#x540c;&#x80de;&#x2015;&#x2015;&#x9009;&#x62d4;&#x5fd7;&#x613f;&#x8005;.xcodeproj">
         </BuildableReference>
      </MacroExpansion>
      <AdditionalOptions>
      </AdditionalOptions>
   </TestAction>
   <LaunchAction
      buildConfiguration = "Debug"
      selectedDebuggerIdentifier = "Xcode.DebuggerFoundation.Debugger.LLDB"
      selectedLauncherIdentifier = "Xcode.DebuggerFoundation.Launcher.LLDB"
      launchStyle = "0"
      useCustomWorkingDirectory = "NO"
      ignoresPersistentStateOnLaunch = "NO"
      debugDocumentVersioning = "YES"
      debugServiceExtension = "internal"
      allowLocationSimulation = "YES">
      <BuildableProductRunnable
         runnableDebuggingMode = "0">
         <BuildableReference
            BuildableIdentifier = "primary"
            BlueprintIdentifier = "84B3198A1F6AA5D400C370C5"
            BuildableName = "N - &#x60bc;&#x5ff5;512&#x6c76;&#x5ddd;&#x5927;&#x5730;&#x9707;&#x9047;&#x96be;&#x540c;&#x80de;&#x2015;&#x2015;&#x9009;&#x62d4;&#x5fd7;&#x613f;&#x8005;"
            BlueprintName = "N - &#x60bc;&#x5ff5;512&#x6c76;&#x5ddd;&#x5927;&#x5730;&#x9707;&#x9047;&#x96be;&#x540c;&#x80de;&#x2015;&#x2015;&#x9009;&#x62d4;&#x5fd7;&#x613f;&#x8005;"
            ReferencedContainer = "container:N - &#x60bc;&#x5ff5;512&#x6c76;&#x5ddd;&#x5927;&#x5730;&#x9707;&#x9047;&#x96be;&#x540c;&#x80de;&#x2015;&#x2015;&#x9009;&#x62d4;&#x5fd7;&#x613f;&#x8005;.xcodeproj">
         </BuildableReference>
      </BuildableProductRunnable>
      <AdditionalOptions>
      </AdditionalOptions>
   </LaunchAction>
   <ProfileAction
      buildConfiguration = "Release"
      shouldUseLaunchSchemeArgsEnv = "YES"
      savedToolIdentifier = ""
      useCustomWorkingDirectory = "NO"
      debugDocumentVersioning = "YES">
      <BuildableProductRunnable
         runnableDebuggingMode = "0">
         <BuildableReference
            BuildableIdentifier = "primary"
            BlueprintIdentifier = "84B3198A1F6AA5D400C370C5"
            BuildableName = "N - &#x60bc;&#x5ff5;512&#x6c76;&#x5ddd;&#x5927;&#x5730;&#x9707;&#x9047;&#x96be;&#x540c;&#x80de;&#x2015;&#x2015;&#x9009;&#x62d4;&#x5fd7;&#x613f;&#x8005;"
            BlueprintName = "N - &#x60bc;&#x5ff5;512&#x6c76;&#x5ddd;&#x5927;&#x5730;&#x9707;&#x9047;&#x96be;&#x540c;&#x80de;&#x2015;&#x2015;&#x9009;&#x62d4;&#x5fd7;&#x613f;&#x8005;"
            ReferencedContainer = "container:N - &#x60bc;&#x5ff5;512&#x6c76;&#x5ddd;&#x5927;&#x5730;&#x9707;&#x9047;&#x96be;&#x540c;&#x80de;&#x2015;&#x2015;&#x9009;&#x62d4;&#x5fd7;&#x613f;&#x8005;.xcodeproj">
         </BuildableReference>
      </BuildableProductRunnable>
   </ProfileAction>
   <AnalyzeAction
      buildConfiguration = "Debug">
   </AnalyzeAction>
   <ArchiveAction
      buildConfiguration = "Release"
      revealArchiveInOrganizer = "YES">
   </ArchiveAction>
</Scheme>
