// !$*UTF8*$!
{
	archiveVersion = 1;
	classes = {
	};
	objectVersion = 46;
	objects = {

/* Begin PBXBuildFile section */
		84BB65711F6483CB00C6FFA8 /* main.cpp in Sources */ = {isa = PBXBuildFile; fileRef = 84BB65701F6483CB00C6FFA8 /* main.cpp */; };
/* End PBXBuildFile section */

/* Begin PBXCopyFilesBuildPhase section */
		84BB656B1F6483CB00C6FFA8 /* CopyFiles */ = {
			isa = PBXCopyFilesBuildPhase;
			buildActionMask = 2147483647;
			dstPath = /usr/share/man/man1/;
			dstSubfolderSpec = 0;
			files = (
			);
			runOnlyForDeploymentPostprocessing = 1;
		};
/* End PBXCopyFilesBuildPhase section */

/* Begin PBXFileReference section */
		84BB656D1F6483CB00C6FFA8 /* E - Good Luck in CET-4 Everybody! */ = {isa = PBXFileReference; explicitFileType = "compiled.mach-o.executable"; includeInIndex = 0; path = "E - Good Luck in CET-4 Everybody!"; sourceTree = BUILT_PRODUCTS_DIR; };
		84BB65701F6483CB00C6FFA8 /* main.cpp */ = {isa = PBXFileReference; lastKnownFileType = sourcecode.cpp.cpp; path = main.cpp; sourceTree = "<group>"; };
/* End PBXFileReference section */

/* Begin PBXFrameworksBuildPhase section */
		84BB656A1F6483CB00C6FFA8 /* Frameworks */ = {
			isa = PBXFrameworksBuildPhase;
			buildActionMask = 2147483647;
			files = (
			);
			runOnlyForDeploymentPostprocessing = 0;
		};
/* End PBXFrameworksBuildPhase section */

/* Begin PBXGroup section */
		84BB65641F6483CB00C6FFA8 = {
			isa = PBXGroup;
			children = (
				84BB656F1F6483CB00C6FFA8 /* E - Good Luck in CET-4 Everybody! */,
				84BB656E1F6483CB00C6FFA8 /* Products */,
			);
			sourceTree = "<group>";
		};
		84BB656E1F6483CB00C6FFA8 /* Products */ = {
			isa = PBXGroup;
			children = (
				84BB656D1F6483CB00C6FFA8 /* E - Good Luck in CET-4 Everybody! */,
			);
			name = Products;
			sourceTree = "<group>";
		};
		84BB656F1F6483CB00C6FFA8 /* E - Good Luck in CET-4 Everybody! */ = {
			isa = PBXGroup;
			children = (
				84BB65701F6483CB00C6FFA8 /* main.cpp */,
			);
			path = "E - Good Luck in CET-4 Everybody!";
			sourceTree = "<group>";
		};
/* End PBXGroup section */

/* Begin PBXNativeTarget section */
		84BB656C1F6483CB00C6FFA8 /* E - Good Luck in CET-4 Everybody! */ = {
			isa = PBXNativeTarget;
			buildConfigurationList = 84BB65741F6483CB00C6FFA8 /* Build configuration list for PBXNativeTarget "E - Good Luck in CET-4 Everybody!" */;
			buildPhases = (
				84BB65691F6483CB00C6FFA8 /* Sources */,
				84BB656A1F6483CB00C6FFA8 /* Frameworks */,
				84BB656B1F6483CB00C6FFA8 /* CopyFiles */,
			);
			buildRules = (
			);
			dependencies = (
			);
			name = "E - Good Luck in CET-4 Everybody!";
			productName = "E - Good Luck in CET-4 Everybody!";
			productReference = 84BB656D1F6483CB00C6FFA8 /* E - Good Luck in CET-4 Everybody! */;
			productType = "com.apple.product-type.tool";
		};
/* End PBXNativeTarget section */

/* Begin PBXProject section */
		84BB65651F6483CB00C6FFA8 /* Project object */ = {
			isa = PBXProject;
			attributes = {
				LastUpgradeCheck = 0830;
				ORGANIZATIONNAME = admin;
				TargetAttributes = {
					84BB656C1F6483CB00C6FFA8 = {
						CreatedOnToolsVersion = 8.3.3;
						ProvisioningStyle = Automatic;
					};
				};
			};
			buildConfigurationList = 84BB65681F6483CB00C6FFA8 /* Build configuration list for PBXProject "E - Good Luck in CET-4 Everybody!" */;
			compatibilityVersion = "Xcode 3.2";
			developmentRegion = English;
			hasScannedForEncodings = 0;
			knownRegions = (
				en,
			);
			mainGroup = 84BB65641F6483CB00C6FFA8;
			productRefGroup = 84BB656E1F6483CB00C6FFA8 /* Products */;
			projectDirPath = "";
			projectRoot = "";
			targets = (
				84BB656C1F6483CB00C6FFA8 /* E - Good Luck in CET-4 Everybody! */,
			);
		};
/* End PBXProject section */

/* Begin PBXSourcesBuildPhase section */
		84BB65691F6483CB00C6FFA8 /* Sources */ = {
			isa = PBXSourcesBuildPhase;
			buildActionMask = 2147483647;
			files = (
				84BB65711F6483CB00C6FFA8 /* main.cpp in Sources */,
			);
			runOnlyForDeploymentPostprocessing = 0;
		};
/* End PBXSourcesBuildPhase section */

/* Begin XCBuildConfiguration section */
		84BB65721F6483CB00C6FFA8 /* Debug */ = {
			isa = XCBuildConfiguration;
			buildSettings = {
				ALWAYS_SEARCH_USER_PATHS = NO;
				CLANG_ANALYZER_NONNULL = YES;
				CLANG_ANALYZER_NUMBER_OBJECT_CONVERSION = YES_AGGRESSIVE;
				CLANG_CXX_LANGUAGE_STANDARD = "gnu++0x";
				CLANG_CXX_LIBRARY = "libc++";
				CLANG_ENABLE_MODULES = YES;
				CLANG_ENABLE_OBJC_ARC = YES;
				CLANG_WARN_BOOL_CONVERSION = YES;
				CLANG_WARN_CONSTANT_CONVERSION = YES;
				CLANG_WARN_DIRECT_OBJC_ISA_USAGE = YES_ERROR;
				CLANG_WARN_DOCUMENTATION_COMMENTS = YES;
				CLANG_WARN_EMPTY_BODY = YES;
				CLANG_WARN_ENUM_CONVERSION = YES;
				CLANG_WARN_INFINITE_RECURSION = YES;
				CLANG_WARN_INT_CONVERSION = YES;
				CLANG_WARN_OBJC_ROOT_CLASS = YES_ERROR;
				CLANG_WARN_SUSPICIOUS_MOVE = YES;
				CLANG_WARN_UNREACHABLE_CODE = YES;
				CLANG_WARN__DUPLICATE_METHOD_MATCH = YES;
				CODE_SIGN_IDENTITY = "-";
				COPY_PHASE_STRIP = NO;
				DEBUG_INFORMATION_FORMAT = dwarf;
				ENABLE_STRICT_OBJC_MSGSEND = YES;
				ENABLE_TESTABILITY = YES;
				GCC_C_LANGUAGE_STANDARD = gnu99;
				GCC_DYNAMIC_NO_PIC = NO;
				GCC_NO_COMMON_BLOCKS = YES;
				GCC_OPTIMIZATION_LEVEL = 0;
				GCC_PREPROCESSOR_DEFINITIONS = (
					"DEBUG=1",
					"$(inherited)",
				);
				GCC_WARN_64_TO_32_BIT_CONVERSION = YES;
				GCC_WARN_ABOUT_RETURN_TYPE = YES_ERROR;
				GCC_WARN_UNDECLARED_SELECTOR = YES;
				GCC_WARN_UNINITIALIZED_AUTOS = YES_AGGRESSIVE;
				GCC_WARN_UNUSED_FUNCTION = YES;
				GCC_WARN_UNUSED_VARIABLE = YES;
				MACOSX_DEPLOYMENT_TARGET = 10.12;
				MTL_ENABLE_DEBUG_INFO = YES;
				ONLY_ACTIVE_ARCH = YES;
				SDKROOT = macosx;
			};
			name = Debug;
		};
		84BB65731F6483CB00C6FFA8 /* Release */ = {
			isa = XCBuildConfiguration;
			buildSettings = {
				ALWAYS_SEARCH_USER_PATHS = NO;
				CLANG_ANALYZER_NONNULL = YES;
				CLANG_ANALYZER_NUMBER_OBJECT_CONVERSION = YES_AGGRESSIVE;
				CLANG_CXX_LANGUAGE_STANDARD = "gnu++0x";
				CLANG_CXX_LIBRARY = "libc++";
				CLANG_ENABLE_MODULES = YES;
				CLANG_ENABLE_OBJC_ARC = YES;
				CLANG_WARN_BOOL_CONVERSION = YES;
				CLANG_WARN_CONSTANT_CONVERSION = YES;
				CLANG_WARN_DIRECT_OBJC_ISA_USAGE = YES_ERROR;
				CLANG_WARN_DOCUMENTATION_COMMENTS = YES;
				CLANG_WARN_EMPTY_BODY = YES;
				CLANG_WARN_ENUM_CONVERSION = YES;
				CLANG_WARN_INFINITE_RECURSION = YES;
				CLANG_WARN_INT_CONVERSION = YES;
				CLANG_WARN_OBJC_ROOT_CLASS = YES_ERROR;
				CLANG_WARN_SUSPICIOUS_MOVE = YES;
				CLANG_WARN_UNREACHABLE_CODE = YES;
				CLANG_WARN__DUPLICATE_METHOD_MATCH = YES;
				CODE_SIGN_IDENTITY = "-";
				COPY_PHASE_STRIP = NO;
				DEBUG_INFORMATION_FORMAT = "dwarf-with-dsym";
				ENABLE_NS_ASSERTIONS = NO;
				ENABLE_STRICT_OBJC_MSGSEND = YES;
				GCC_C_LANGUAGE_STANDARD = gnu99;
				GCC_NO_COMMON_BLOCKS = YES;
				GCC_WARN_64_TO_32_BIT_CONVERSION = YES;
				GCC_WARN_ABOUT_RETURN_TYPE = YES_ERROR;
				GCC_WARN_UNDECLARED_SELECTOR = YES;
				GCC_WARN_UNINITIALIZED_AUTOS = YES_AGGRESSIVE;
				GCC_WARN_UNUSED_FUNCTION = YES;
				GCC_WARN_UNUSED_VARIABLE = YES;
				MACOSX_DEPLOYMENT_TARGET = 10.12;
				MTL_ENABLE_DEBUG_INFO = NO;
				SDKROOT = macosx;
			};
			name = Release;
		};
		84BB65751F6483CB00C6FFA8 /* Debug */ = {
			isa = XCBuildConfiguration;
			buildSettings = {
				PRODUCT_NAME = "$(TARGET_NAME)";
			};
			name = Debug;
		};
		84BB65761F6483CB00C6FFA8 /* Release */ = {
			isa = XCBuildConfiguration;
			buildSettings = {
				PRODUCT_NAME = "$(TARGET_NAME)";
			};
			name = Release;
		};
/* End XCBuildConfiguration section */

/* Begin XCConfigurationList section */
		84BB65681F6483CB00C6FFA8 /* Build configuration list for PBXProject "E - Good Luck in CET-4 Everybody!" */ = {
			isa = XCConfigurationList;
			buildConfigurations = (
				84BB65721F6483CB00C6FFA8 /* Debug */,
				84BB65731F6483CB00C6FFA8 /* Release */,
			);
			defaultConfigurationIsVisible = 0;
			defaultConfigurationName = Release;
		};
		84BB65741F6483CB00C6FFA8 /* Build configuration list for PBXNativeTarget "E - Good Luck in CET-4 Everybody!" */ = {
			isa = XCConfigurationList;
			buildConfigurations = (
				84BB65751F6483CB00C6FFA8 /* Debug */,
				84BB65761F6483CB00C6FFA8 /* Release */,
			);
			defaultConfigurationIsVisible = 0;
		};
/* End XCConfigurationList section */
	};
	rootObject = 84BB65651F6483CB00C6FFA8 /* Project object */;
}
